
Microsoft Visual Studio Solution File, Format Version 11.00
# Visual Studio 2010
Project("{FAE04EC0-301F-11D3-BF4B-00C04F79EFBC}") = "UnityEngine.UI", "UnityEngine.UI.csproj", "{d77f703a-7ea8-128a-8a58-845cac5c4728}"
EndProject
Project("{FAE04EC0-301F-11D3-BF4B-00C04F79EFBC}") = "Unity.RenderPipelines.Core.Runtime", "Unity.RenderPipelines.Core.Runtime.csproj", "{2c7b3182-f75c-ba92-f192-6bae57185ab5}"
EndProject
Project("{FAE04EC0-301F-11D3-BF4B-00C04F79EFBC}") = "UnityEngine.TestRunner", "UnityEngine.TestRunner.csproj", "{84c97d83-8a5a-9dfb-56a8-aee9d3ee5c4b}"
EndProject
Project("{FAE04EC0-301F-11D3-BF4B-00C04F79EFBC}") = "YamlDotNet", "YamlDotNet.csproj", "{a2a7dd76-3b42-b556-f6d5-7c854cb9ddfb}"
EndProject
Project("{FAE04EC0-301F-11D3-BF4B-00C04F79EFBC}") = "Unity.VisualScripting.State", "Unity.VisualScripting.State.csproj", "{034b0b5a-3f1b-04b6-ecf9-59447f661b77}"
EndProject
Project("{FAE04EC0-301F-11D3-BF4B-00C04F79EFBC}") = "Unity.RenderPipelines.Universal.Runtime", "Unity.RenderPipelines.Universal.Runtime.csproj", "{59999169-5946-3f85-efb1-c690f7f6cb06}"
EndProject
Project("{FAE04EC0-301F-11D3-BF4B-00C04F79EFBC}") = "Unity.VisualScripting.Flow", "Unity.VisualScripting.Flow.csproj", "{e98d969b-661d-a93b-30e1-266f57d51aeb}"
EndProject
Project("{FAE04EC0-301F-11D3-BF4B-00C04F79EFBC}") = "Unity.VisualScripting.Core", "Unity.VisualScripting.Core.csproj", "{92882d09-a327-517a-17ce-fc0cf45404d2}"
EndProject
Project("{FAE04EC0-301F-11D3-BF4B-00C04F79EFBC}") = "Unity.Services.Core.Environments.Internal", "Unity.Services.Core.Environments.Internal.csproj", "{2b97997e-fd46-d728-0488-d11a5e501f6d}"
EndProject
Project("{FAE04EC0-301F-11D3-BF4B-00C04F79EFBC}") = "Unity.2D.Animation.Runtime", "Unity.2D.Animation.Runtime.csproj", "{26255c03-7eb7-b18f-7a78-a3b2e78f2ecd}"
EndProject
Project("{FAE04EC0-301F-11D3-BF4B-00C04F79EFBC}") = "Unity.TextMeshPro", "Unity.TextMeshPro.csproj", "{2eb4c865-9708-3bae-2c74-5738c0b533f8}"
EndProject
Project("{FAE04EC0-301F-11D3-BF4B-00C04F79EFBC}") = "Unity.Burst", "Unity.Burst.csproj", "{fb6bf63d-6d66-0b38-5156-eabf608433c8}"
EndProject
Project("{FAE04EC0-301F-11D3-BF4B-00C04F79EFBC}") = "UnityEngine.Advertisements", "UnityEngine.Advertisements.csproj", "{6baa068e-90eb-fb53-a3c7-cd44bc770783}"
EndProject
Project("{FAE04EC0-301F-11D3-BF4B-00C04F79EFBC}") = "Unity.RenderPipeline.Universal.ShaderLibrary", "Unity.RenderPipeline.Universal.ShaderLibrary.csproj", "{a6c9fc65-28f4-db63-603b-3ca51e26eea7}"
EndProject
Project("{FAE04EC0-301F-11D3-BF4B-00C04F79EFBC}") = "Unity.Services.Core.Environments", "Unity.Services.Core.Environments.csproj", "{92f8e08b-7e3c-a431-f823-fe9a426d9485}"
EndProject
Project("{FAE04EC0-301F-11D3-BF4B-00C04F79EFBC}") = "UnityEngine.Monetization", "UnityEngine.Monetization.csproj", "{610e4ff4-04dd-d687-fe47-bbb3f0084005}"
EndProject
Project("{FAE04EC0-301F-11D3-BF4B-00C04F79EFBC}") = "Unity.Services.Core.Telemetry", "Unity.Services.Core.Telemetry.csproj", "{bc4fe168-dac9-c483-526d-9ed3bda29f31}"
EndProject
Project("{FAE04EC0-301F-11D3-BF4B-00C04F79EFBC}") = "Unity.2D.SpriteShape.Runtime", "Unity.2D.SpriteShape.Runtime.csproj", "{6113606e-f511-bfc6-fc98-962110d13a54}"
EndProject
Project("{FAE04EC0-301F-11D3-BF4B-00C04F79EFBC}") = "Unity.Services.Core.Internal", "Unity.Services.Core.Internal.csproj", "{1b4ca06b-eb42-8cd5-54ed-86a5de078bc4}"
EndProject
Project("{FAE04EC0-301F-11D3-BF4B-00C04F79EFBC}") = "Unity.Timeline", "Unity.Timeline.csproj", "{26df6a2a-168e-e56a-bd32-00e47527f3a2}"
EndProject
Project("{FAE04EC0-301F-11D3-BF4B-00C04F79EFBC}") = "Unity.Mathematics", "Unity.Mathematics.csproj", "{29e763ac-c112-0584-2ea2-bb874d7e3145}"
EndProject
Project("{FAE04EC0-301F-11D3-BF4B-00C04F79EFBC}") = "Assembly-CSharp", "Assembly-CSharp.csproj", "{ec5186cd-8644-0c6c-0339-da988266f66c}"
EndProject
Project("{FAE04EC0-301F-11D3-BF4B-00C04F79EFBC}") = "Unity.Mediation", "Unity.Mediation.csproj", "{459fcd3d-433f-467a-bf72-2df963881b6d}"
EndProject
Project("{FAE04EC0-301F-11D3-BF4B-00C04F79EFBC}") = "Unity.Services.Core.Scheduler", "Unity.Services.Core.Scheduler.csproj", "{8ba26a8a-43ce-2eff-1582-deb9066c7e71}"
EndProject
Project("{FAE04EC0-301F-11D3-BF4B-00C04F79EFBC}") = "Unity.2D.PixelPerfect", "Unity.2D.PixelPerfect.csproj", "{296e108d-bc4f-4557-c8a0-19963d353503}"
EndProject
Project("{FAE04EC0-301F-11D3-BF4B-00C04F79EFBC}") = "Unity.Services.Core.Device", "Unity.Services.Core.Device.csproj", "{14537b74-b227-8984-b0f8-dce0c1b66c64}"
EndProject
Project("{FAE04EC0-301F-11D3-BF4B-00C04F79EFBC}") = "Unity.2D.IK.Runtime", "Unity.2D.IK.Runtime.csproj", "{ef07817f-ddce-32f8-c9bf-9dbcfe5e0fe8}"
EndProject
Project("{FAE04EC0-301F-11D3-BF4B-00C04F79EFBC}") = "Assembly-CSharp-firstpass", "Assembly-CSharp-firstpass.csproj", "{09078d65-5aa7-8db4-2086-286e45dbe758}"
EndProject
Project("{FAE04EC0-301F-11D3-BF4B-00C04F79EFBC}") = "Unity.2D.Tilemap.Extras", "Unity.2D.Tilemap.Extras.csproj", "{72b25d13-04bb-def5-e6e6-2d32d6603a95}"
EndProject
Project("{FAE04EC0-301F-11D3-BF4B-00C04F79EFBC}") = "YamlDotNet.Examples", "YamlDotNet.Examples.csproj", "{8b8175b0-9968-744f-2c88-7da84f800891}"
EndProject
Project("{FAE04EC0-301F-11D3-BF4B-00C04F79EFBC}") = "Unity.2D.Common.Runtime", "Unity.2D.Common.Runtime.csproj", "{40db78de-62ca-f239-28bd-2842754bbc59}"
EndProject
Project("{FAE04EC0-301F-11D3-BF4B-00C04F79EFBC}") = "Unity.Services.Core.Configuration", "Unity.Services.Core.Configuration.csproj", "{6110ca42-5aa8-fbc2-1fed-a4de4bb3c637}"
EndProject
Project("{FAE04EC0-301F-11D3-BF4B-00C04F79EFBC}") = "Unity.Services.Core.Networking", "Unity.Services.Core.Networking.csproj", "{592b424e-c51b-c5b3-41d8-516278c50b6a}"
EndProject
Project("{FAE04EC0-301F-11D3-BF4B-00C04F79EFBC}") = "Unity.Services.Core", "Unity.Services.Core.csproj", "{17b89127-7fda-5937-70ef-cd88bd7bf603}"
EndProject
Project("{FAE04EC0-301F-11D3-BF4B-00C04F79EFBC}") = "Unity.Services.Core.Registration", "Unity.Services.Core.Registration.csproj", "{da6a3cf8-873b-edef-99c1-e789b606af9b}"
EndProject
Project("{FAE04EC0-301F-11D3-BF4B-00C04F79EFBC}") = "Unity.RenderPipelines.ShaderGraph.ShaderGraphLibrary", "Unity.RenderPipelines.ShaderGraph.ShaderGraphLibrary.csproj", "{0f2c5a8b-7bd2-97ff-c72f-ebc88c47124b}"
EndProject
Project("{FAE04EC0-301F-11D3-BF4B-00C04F79EFBC}") = "Unity.ScriptableBuildPipeline", "Unity.ScriptableBuildPipeline.csproj", "{115a38f0-0c12-c4fa-4441-e4c09a5c3007}"
EndProject
Project("{FAE04EC0-301F-11D3-BF4B-00C04F79EFBC}") = "Unity.RenderPipelines.Core.ShaderLibrary", "Unity.RenderPipelines.Core.ShaderLibrary.csproj", "{b4e7df52-5479-a727-6623-ebb945e77abd}"
EndProject
Project("{FAE04EC0-301F-11D3-BF4B-00C04F79EFBC}") = "Unity.InternalAPIEngineBridge.001", "Unity.InternalAPIEngineBridge.001.csproj", "{aaa20a94-24d1-9592-f0ea-2a684d035ab1}"
EndProject
Project("{FAE04EC0-301F-11D3-BF4B-00C04F79EFBC}") = "Unity.RenderPipelines.Universal.Shaders", "Unity.RenderPipelines.Universal.Shaders.csproj", "{b4aec77c-87ec-dd88-64ea-f9fe33e72d47}"
EndProject
Project("{FAE04EC0-301F-11D3-BF4B-00C04F79EFBC}") = "Unity.PlasticSCM.Editor", "Unity.PlasticSCM.Editor.csproj", "{6d21be79-b052-68ac-63d7-fc235a64db5d}"
EndProject
Project("{FAE04EC0-301F-11D3-BF4B-00C04F79EFBC}") = "Unity.VisualScripting.Core.Editor", "Unity.VisualScripting.Core.Editor.csproj", "{22e1290a-4ab3-e8b9-52fa-18c638ca8636}"
EndProject
Project("{FAE04EC0-301F-11D3-BF4B-00C04F79EFBC}") = "Unity.ShaderGraph.Editor", "Unity.ShaderGraph.Editor.csproj", "{362d04c8-373f-918b-bc83-0c17d9b4eb18}"
EndProject
Project("{FAE04EC0-301F-11D3-BF4B-00C04F79EFBC}") = "Unity.Timeline.Editor", "Unity.Timeline.Editor.csproj", "{4e3c3ba8-b6f4-2b22-c692-c27e6d3e3da4}"
EndProject
Project("{FAE04EC0-301F-11D3-BF4B-00C04F79EFBC}") = "Unity.RenderPipelines.Universal.Editor", "Unity.RenderPipelines.Universal.Editor.csproj", "{50d53127-7545-51ad-0aef-658df31abcae}"
EndProject
Project("{FAE04EC0-301F-11D3-BF4B-00C04F79EFBC}") = "Unity.TextMeshPro.Editor", "Unity.TextMeshPro.Editor.csproj", "{cb253f99-9b73-6433-2741-9ee040bad60f}"
EndProject
Project("{FAE04EC0-301F-11D3-BF4B-00C04F79EFBC}") = "Assembly-CSharp-Editor", "Assembly-CSharp-Editor.csproj", "{756abc4e-8adf-4617-0716-c135bc753f8f}"
EndProject
Project("{FAE04EC0-301F-11D3-BF4B-00C04F79EFBC}") = "Unity.2D.Animation.Editor", "Unity.2D.Animation.Editor.csproj", "{4b643400-fa54-7751-e3ff-e2614e87fcf5}"
EndProject
Project("{FAE04EC0-301F-11D3-BF4B-00C04F79EFBC}") = "Unity.VisualScripting.SettingsProvider.Editor", "Unity.VisualScripting.SettingsProvider.Editor.csproj", "{b07eb3ba-c285-f799-bf68-52d514ef4a16}"
EndProject
Project("{FAE04EC0-301F-11D3-BF4B-00C04F79EFBC}") = "UnityEditor.TestRunner", "UnityEditor.TestRunner.csproj", "{64f43891-eade-8cee-c297-040a3dad5b66}"
EndProject
Project("{FAE04EC0-301F-11D3-BF4B-00C04F79EFBC}") = "Unity.2D.Tilemap.Editor", "Unity.2D.Tilemap.Editor.csproj", "{783cec77-cb72-006f-1ad0-fb5a7778b352}"
EndProject
Project("{FAE04EC0-301F-11D3-BF4B-00C04F79EFBC}") = "Unity.VisualScripting.Flow.Editor", "Unity.VisualScripting.Flow.Editor.csproj", "{638da1f2-28c9-137f-9b4b-ad2256d0e0eb}"
EndProject
Project("{FAE04EC0-301F-11D3-BF4B-00C04F79EFBC}") = "UnityEngine.Advertisements.Editor", "UnityEngine.Advertisements.Editor.csproj", "{3789e320-5764-9172-f015-88e4e21ce622}"
EndProject
Project("{FAE04EC0-301F-11D3-BF4B-00C04F79EFBC}") = "Unity.Rider.Editor", "Unity.Rider.Editor.csproj", "{94cb4061-b587-a21e-1270-ec581a51e073}"
EndProject
Project("{FAE04EC0-301F-11D3-BF4B-00C04F79EFBC}") = "Unity.2D.Path.Editor", "Unity.2D.Path.Editor.csproj", "{7901a56c-5312-7e9f-6842-8b955083cecf}"
EndProject
Project("{FAE04EC0-301F-11D3-BF4B-00C04F79EFBC}") = "PsdPlugin", "PsdPlugin.csproj", "{d6421a67-e646-a47a-6aba-a015c78c7e89}"
EndProject
Project("{FAE04EC0-301F-11D3-BF4B-00C04F79EFBC}") = "Unity.CollabProxy.Editor", "Unity.CollabProxy.Editor.csproj", "{6d4db8ab-2375-61ce-97e1-244d6bc80b2a}"
EndProject
Project("{FAE04EC0-301F-11D3-BF4B-00C04F79EFBC}") = "Unity.ScriptableBuildPipeline.Editor", "Unity.ScriptableBuildPipeline.Editor.csproj", "{cc45ecf9-cb7d-5bb3-cae5-c50a84c88ee7}"
EndProject
Project("{FAE04EC0-301F-11D3-BF4B-00C04F79EFBC}") = "UnityEngine.Advertisements.DevX.Editor", "UnityEngine.Advertisements.DevX.Editor.csproj", "{76387728-fd43-db3c-1c4c-7e9828cbdadc}"
EndProject
Project("{FAE04EC0-301F-11D3-BF4B-00C04F79EFBC}") = "Unity.RenderPipelines.Core.Editor", "Unity.RenderPipelines.Core.Editor.csproj", "{a7aa7cda-d50a-9f95-02c4-188db96927e1}"
EndProject
Project("{FAE04EC0-301F-11D3-BF4B-00C04F79EFBC}") = "Unity.Services.Core.Editor", "Unity.Services.Core.Editor.csproj", "{f06b5f92-8cb6-8628-aed8-c9c125590528}"
EndProject
Project("{FAE04EC0-301F-11D3-BF4B-00C04F79EFBC}") = "Unity.2D.SpriteShape.Editor", "Unity.2D.SpriteShape.Editor.csproj", "{7ab6ae6e-317f-5952-9a64-abf5ed9f889c}"
EndProject
Project("{FAE04EC0-301F-11D3-BF4B-00C04F79EFBC}") = "Unity.Burst.CodeGen", "Unity.Burst.CodeGen.csproj", "{2741cb09-83c5-e60a-9350-5a3075a02a57}"
EndProject
Project("{FAE04EC0-301F-11D3-BF4B-00C04F79EFBC}") = "Unity.2D.PixelPerfect.Editor", "Unity.2D.PixelPerfect.Editor.csproj", "{e3b86d88-8cba-d4db-8630-7ed921aab212}"
EndProject
Project("{FAE04EC0-301F-11D3-BF4B-00C04F79EFBC}") = "Unity.VSCode.Editor", "Unity.VSCode.Editor.csproj", "{67509adb-5ca1-fd42-852e-4dc107c9fd29}"
EndProject
Project("{FAE04EC0-301F-11D3-BF4B-00C04F79EFBC}") = "Unity.VisualStudio.Editor", "Unity.VisualStudio.Editor.csproj", "{f1d81dd6-6586-8bef-20d8-978d008ceccb}"
EndProject
Project("{FAE04EC0-301F-11D3-BF4B-00C04F79EFBC}") = "Unity.Mediation.Settings.Editor", "Unity.Mediation.Settings.Editor.csproj", "{24e0aa28-42fa-f13e-b1da-abf472ca4f78}"
EndProject
Project("{FAE04EC0-301F-11D3-BF4B-00C04F79EFBC}") = "Unity.AssetBundleBrowser.Editor", "Unity.AssetBundleBrowser.Editor.csproj", "{67068972-d4f9-606e-6799-846a81f33abc}"
EndProject
Project("{FAE04EC0-301F-11D3-BF4B-00C04F79EFBC}") = "Unity.Settings.Editor", "Unity.Settings.Editor.csproj", "{5d8d2807-ee82-b85e-ae81-833d45a56367}"
EndProject
Project("{FAE04EC0-301F-11D3-BF4B-00C04F79EFBC}") = "PPv2URPConverters", "PPv2URPConverters.csproj", "{ebb6120f-2655-df4b-91be-807622a210d6}"
EndProject
Project("{FAE04EC0-301F-11D3-BF4B-00C04F79EFBC}") = "Unity.2D.Sprite.Editor", "Unity.2D.Sprite.Editor.csproj", "{d67842f3-18d5-5b1f-be7f-9c617e0bb861}"
EndProject
Project("{FAE04EC0-301F-11D3-BF4B-00C04F79EFBC}") = "Unity.2D.Common.Editor", "Unity.2D.Common.Editor.csproj", "{e4bfc85b-7f43-6f93-b2fe-81c0d690e87c}"
EndProject
Project("{FAE04EC0-301F-11D3-BF4B-00C04F79EFBC}") = "Unity.2D.Psdimporter.Editor", "Unity.2D.Psdimporter.Editor.csproj", "{6b4756c9-01ce-71c6-0b5b-cce2a95f893a}"
EndProject
Project("{FAE04EC0-301F-11D3-BF4B-00C04F79EFBC}") = "Unity.VisualScripting.State.Editor", "Unity.VisualScripting.State.Editor.csproj", "{dc690ff3-93ab-14bc-a64e-e37c106f9b60}"
EndProject
Project("{FAE04EC0-301F-11D3-BF4B-00C04F79EFBC}") = "UnityEditor.CacheServer", "UnityEditor.CacheServer.csproj", "{ca8c8ff8-8ba0-0cdd-a7ee-885cc8fe7888}"
EndProject
Project("{FAE04EC0-301F-11D3-BF4B-00C04F79EFBC}") = "UnityEditor.UI", "UnityEditor.UI.csproj", "{b2adcfe1-d645-b23d-8d0d-34f36db8814a}"
EndProject
Project("{FAE04EC0-301F-11D3-BF4B-00C04F79EFBC}") = "Unity.Searcher.Editor", "Unity.Searcher.Editor.csproj", "{5b50033b-ae96-dfb4-570e-177719f5a0f1}"
EndProject
Project("{FAE04EC0-301F-11D3-BF4B-00C04F79EFBC}") = "Unity.Services.Core.Configuration.Editor", "Unity.Services.Core.Configuration.Editor.csproj", "{2a44a4d3-8519-c0d7-4362-b100693def6c}"
EndProject
Project("{FAE04EC0-301F-11D3-BF4B-00C04F79EFBC}") = "Unity.Burst.Editor", "Unity.Burst.Editor.csproj", "{565e5681-7381-f79c-1673-be56470f6dd3}"
EndProject
Project("{FAE04EC0-301F-11D3-BF4B-00C04F79EFBC}") = "Unity.2D.IK.Editor", "Unity.2D.IK.Editor.csproj", "{3f085d7a-f3d9-0d5b-9411-11374b40a724}"
EndProject
Project("{FAE04EC0-301F-11D3-BF4B-00C04F79EFBC}") = "PlayServicesResolver.Utils.Editor", "PlayServicesResolver.Utils.Editor.csproj", "{b6ef0d4d-f5d9-ddb9-2e25-8ebe94a594ce}"
EndProject
Project("{FAE04EC0-301F-11D3-BF4B-00C04F79EFBC}") = "Unity.Mediation.Build.Editor", "Unity.Mediation.Build.Editor.csproj", "{3eebf870-2071-d3e5-4807-adbef68439fd}"
EndProject
Project("{FAE04EC0-301F-11D3-BF4B-00C04F79EFBC}") = "Unity.ShaderGraph.Utilities", "Unity.ShaderGraph.Utilities.csproj", "{d15cd216-04a8-2d2e-0aee-48e6c0bae877}"
EndProject
Project("{FAE04EC0-301F-11D3-BF4B-00C04F79EFBC}") = "PlayServicesResolver.Installer.Editor", "PlayServicesResolver.Installer.Editor.csproj", "{f9d7aa08-9c7d-4198-ec47-89db2d9fdafb}"
EndProject
Project("{FAE04EC0-301F-11D3-BF4B-00C04F79EFBC}") = "Unity.Mathematics.Editor", "Unity.Mathematics.Editor.csproj", "{b46afd95-2abb-2f28-4a32-a5a4a10c7611}"
EndProject
Project("{FAE04EC0-301F-11D3-BF4B-00C04F79EFBC}") = "Unity.Mediation.Adapters.Editor", "Unity.Mediation.Adapters.Editor.csproj", "{44ebe376-4de0-7f30-a8ce-361a654eebbe}"
EndProject
Project("{FAE04EC0-301F-11D3-BF4B-00C04F79EFBC}") = "Unity.2D.Tilemap.Extras.Editor", "Unity.2D.Tilemap.Extras.Editor.csproj", "{e68a1c6b-369a-eef9-73ed-9f0b4e67f5f8}"
EndProject
Project("{FAE04EC0-301F-11D3-BF4B-00C04F79EFBC}") = "Unity.InternalAPIEditorBridge.001", "Unity.InternalAPIEditorBridge.001.csproj", "{28917b08-8334-eb6e-197b-8f2268175b5e}"
EndProject
Project("{FAE04EC0-301F-11D3-BF4B-00C04F79EFBC}") = "Unity.VisualScripting.Shared.Editor", "Unity.VisualScripting.Shared.Editor.csproj", "{7045bf11-0ec5-50c0-49f2-142f9f913011}"
EndProject
Project("{FAE04EC0-301F-11D3-BF4B-00C04F79EFBC}") = "Unity.AssetBundleBrowser.Editor.Tests", "Unity.AssetBundleBrowser.Editor.Tests.csproj", "{d8f90a4a-fb62-4931-2efd-2e2e9ce60ac4}"
EndProject
Project("{FAE04EC0-301F-11D3-BF4B-00C04F79EFBC}") = "Unity.2D.PixelPerfect.Tests", "Unity.2D.PixelPerfect.Tests.csproj", "{be8075bf-56b1-677e-1ad1-e3ee5ee5cb52}"
EndProject
Project("{FAE04EC0-301F-11D3-BF4B-00C04F79EFBC}") = "Unity.Mathematics.Tests", "Unity.Mathematics.Tests.csproj", "{5655844f-7b54-170a-a595-7d55bd17584d}"
EndProject
Project("{FAE04EC0-301F-11D3-BF4B-00C04F79EFBC}") = "UnityEngine.Advertisements.Editor.Tests", "UnityEngine.Advertisements.Editor.Tests.csproj", "{0c1d6295-6343-f301-58f2-2bf50e64db52}"
EndProject
Project("{FAE04EC0-301F-11D3-BF4B-00C04F79EFBC}") = "Unity.ScriptableBuildPipeline.Editor.Tests", "Unity.ScriptableBuildPipeline.Editor.Tests.csproj", "{f84415bf-c886-1bff-adc1-52a972d817bc}"
EndProject
Project("{FAE04EC0-301F-11D3-BF4B-00C04F79EFBC}") = "Unity.2D.Sprite.Package.EditorTests", "Unity.2D.Sprite.Package.EditorTests.csproj", "{8fd9adfd-dfe0-6f66-1197-21b88c3d0f92}"
EndProject
Project("{FAE04EC0-301F-11D3-BF4B-00C04F79EFBC}") = "Unity.Burst.Tests.UnitTests", "Unity.Burst.Tests.UnitTests.csproj", "{98b70958-8b46-eae0-dd36-bba3ef1806a3}"
EndProject
Project("{FAE04EC0-301F-11D3-BF4B-00C04F79EFBC}") = "Unity.PlasticSCM.EditorTests", "Unity.PlasticSCM.EditorTests.csproj", "{71a56273-f087-d50d-3fc9-949aa7aa1493}"
EndProject
Project("{FAE04EC0-301F-11D3-BF4B-00C04F79EFBC}") = "Unity.2D.SpriteShape.EditorTests", "Unity.2D.SpriteShape.EditorTests.csproj", "{121f99d3-7a57-5612-d82e-c77a792140c0}"
EndProject
Project("{FAE04EC0-301F-11D3-BF4B-00C04F79EFBC}") = "Unity.2D.Common.EditorTests", "Unity.2D.Common.EditorTests.csproj", "{6f09b763-6cfe-33c5-3e48-715cf0de8cdf}"
EndProject
Project("{FAE04EC0-301F-11D3-BF4B-00C04F79EFBC}") = "Unity.Searcher.EditorTests", "Unity.Searcher.EditorTests.csproj", "{b7545c4d-3e6a-53da-5fb0-3e30ae55dfcc}"
EndProject
Project("{FAE04EC0-301F-11D3-BF4B-00C04F79EFBC}") = "Unity.Burst.Editor.Tests", "Unity.Burst.Editor.Tests.csproj", "{50b31c53-c4b2-5dad-ab62-594440675e92}"
EndProject
Project("{FAE04EC0-301F-11D3-BF4B-00C04F79EFBC}") = "Unity.TextMeshPro.Editor.Tests", "Unity.TextMeshPro.Editor.Tests.csproj", "{a39898af-62c3-1e49-2f88-b9ef9780f9e6}"
EndProject
Project("{FAE04EC0-301F-11D3-BF4B-00C04F79EFBC}") = "DocCodeExamples", "DocCodeExamples.csproj", "{32424615-f0fa-30f3-14c3-aa4ec91cd265}"
EndProject
Project("{FAE04EC0-301F-11D3-BF4B-00C04F79EFBC}") = "Unity.RenderPipelines.Universal.Editor.Tests", "Unity.RenderPipelines.Universal.Editor.Tests.csproj", "{71e9f5d0-b9b0-ac3a-56d4-359a331cbe55}"
EndProject
Project("{FAE04EC0-301F-11D3-BF4B-00C04F79EFBC}") = "UnityEngine.Advertisements.Tests", "UnityEngine.Advertisements.Tests.csproj", "{78a9faaa-ea2f-4584-e064-0aff529c537d}"
EndProject
Project("{FAE04EC0-301F-11D3-BF4B-00C04F79EFBC}") = "Unity.2D.Psdimporter.EditorTests", "Unity.2D.Psdimporter.EditorTests.csproj", "{25a55ab5-da89-e6ca-6069-3c649f571f0f}"
EndProject
Project("{FAE04EC0-301F-11D3-BF4B-00C04F79EFBC}") = "UnityEngine.Monetization.Editor.Tests", "UnityEngine.Monetization.Editor.Tests.csproj", "{b1ba4888-c402-5f5f-db74-c8f6f3a46d7d}"
EndProject
Project("{FAE04EC0-301F-11D3-BF4B-00C04F79EFBC}") = "Unity.CollabProxy.EditorTests", "Unity.CollabProxy.EditorTests.csproj", "{84b9ada7-d380-896c-ee8c-671c348e905c}"
EndProject
Project("{FAE04EC0-301F-11D3-BF4B-00C04F79EFBC}") = "Unity.2D.PixelPerfect.Editor.Tests", "Unity.2D.PixelPerfect.Editor.Tests.csproj", "{76aae808-c43f-943f-e993-52aedf436f7a}"
EndProject
Project("{FAE04EC0-301F-11D3-BF4B-00C04F79EFBC}") = "Unity.Settings.Tests", "Unity.Settings.Tests.csproj", "{3c52246b-d81c-a618-e964-663289604ce9}"
EndProject
Project("{FAE04EC0-301F-11D3-BF4B-00C04F79EFBC}") = "UnityEngine.UI.Tests", "UnityEngine.UI.Tests.csproj", "{95cc38aa-e307-d57d-d7c3-9865598b7c97}"
EndProject
Project("{FAE04EC0-301F-11D3-BF4B-00C04F79EFBC}") = "Unity.2D.Animation.EditorTests", "Unity.2D.Animation.EditorTests.csproj", "{6bbb1e7c-d1a0-b2eb-e2fd-da433ac94b2b}"
EndProject
Project("{FAE04EC0-301F-11D3-BF4B-00C04F79EFBC}") = "Unity.Nuget.NewtonsoftJson.EditorTests", "Unity.Nuget.NewtonsoftJson.EditorTests.csproj", "{17faf8cf-7db8-d15d-13c4-d0d2a5a9cbde}"
EndProject
Project("{FAE04EC0-301F-11D3-BF4B-00C04F79EFBC}") = "Unity.TextMeshPro.Tests", "Unity.TextMeshPro.Tests.csproj", "{282d2df2-9fa1-9068-246b-d38d19f291ca}"
EndProject
Project("{FAE04EC0-301F-11D3-BF4B-00C04F79EFBC}") = "SeparateAssembly", "SeparateAssembly.csproj", "{6501435b-c0d2-9569-5b0a-80a5c3ded287}"
EndProject
Project("{FAE04EC0-301F-11D3-BF4B-00C04F79EFBC}") = "UnityEditor.UI.EditorTests", "UnityEditor.UI.EditorTests.csproj", "{5519eb25-9708-4cb3-3394-82c7ae16840b}"
EndProject
Project("{FAE04EC0-301F-11D3-BF4B-00C04F79EFBC}") = "Unity.2D.Tilemap.Package.EditorTests", "Unity.2D.Tilemap.Package.EditorTests.csproj", "{6b3d63b6-395a-581a-0fd2-1068dd427e93}"
EndProject
Project("{FAE04EC0-301F-11D3-BF4B-00C04F79EFBC}") = "Unity.RenderPipelines.Universal.Runtime.Tests", "Unity.RenderPipelines.Universal.Runtime.Tests.csproj", "{b12bb39f-57aa-9315-a4b4-51abb5375e06}"
EndProject
Project("{FAE04EC0-301F-11D3-BF4B-00C04F79EFBC}") = "Unity.2D.Path.Tests", "Unity.2D.Path.Tests.csproj", "{f38bbc15-5d4e-d693-f623-bb1f9e825a20}"
EndProject
Project("{FAE04EC0-301F-11D3-BF4B-00C04F79EFBC}") = "Unity.RenderPipelines.Core.Editor.Tests", "Unity.RenderPipelines.Core.Editor.Tests.csproj", "{238e5342-5096-3513-a131-d2270af8dbaf}"
EndProject
Project("{FAE04EC0-301F-11D3-BF4B-00C04F79EFBC}") = "Unity.2D.Tilemap.Extras.Placeholder.EditorTests", "Unity.2D.Tilemap.Extras.Placeholder.EditorTests.csproj", "{093d4641-2e65-5301-3e56-7f5dc391f26b}"
EndProject
Project("{FAE04EC0-301F-11D3-BF4B-00C04F79EFBC}") = "UnityEditor.CacheServerTests", "UnityEditor.CacheServerTests.csproj", "{5a255a01-ea4a-72f6-17b3-b26b733f6811}"
EndProject
Project("{FAE04EC0-301F-11D3-BF4B-00C04F79EFBC}") = "Unity.RenderPipelines.Core.Runtime.Tests", "Unity.RenderPipelines.Core.Runtime.Tests.csproj", "{2e665140-8201-816f-fc66-b70d591af0b2}"
EndProject
Project("{FAE04EC0-301F-11D3-BF4B-00C04F79EFBC}") = "Unity.ShaderGraph.Editor.Tests", "Unity.ShaderGraph.Editor.Tests.csproj", "{46d749a4-edf0-eae6-0735-67a1d00c792d}"
EndProject
Global
	GlobalSection(SolutionConfigurationPlatforms) = preSolution
		Debug|Any CPU = Debug|Any CPU
	EndGlobalSection
	GlobalSection(ProjectConfigurationPlatforms) = postSolution
		{d77f703a-7ea8-128a-8a58-845cac5c4728}.Debug|Any CPU.ActiveCfg = Debug|Any CPU
		{d77f703a-7ea8-128a-8a58-845cac5c4728}.Debug|Any CPU.Build.0 = Debug|Any CPU
		{2c7b3182-f75c-ba92-f192-6bae57185ab5}.Debug|Any CPU.ActiveCfg = Debug|Any CPU
		{2c7b3182-f75c-ba92-f192-6bae57185ab5}.Debug|Any CPU.Build.0 = Debug|Any CPU
		{84c97d83-8a5a-9dfb-56a8-aee9d3ee5c4b}.Debug|Any CPU.ActiveCfg = Debug|Any CPU
		{84c97d83-8a5a-9dfb-56a8-aee9d3ee5c4b}.Debug|Any CPU.Build.0 = Debug|Any CPU
		{a2a7dd76-3b42-b556-f6d5-7c854cb9ddfb}.Debug|Any CPU.ActiveCfg = Debug|Any CPU
		{a2a7dd76-3b42-b556-f6d5-7c854cb9ddfb}.Debug|Any CPU.Build.0 = Debug|Any CPU
		{034b0b5a-3f1b-04b6-ecf9-59447f661b77}.Debug|Any CPU.ActiveCfg = Debug|Any CPU
		{034b0b5a-3f1b-04b6-ecf9-59447f661b77}.Debug|Any CPU.Build.0 = Debug|Any CPU
		{59999169-5946-3f85-efb1-c690f7f6cb06}.Debug|Any CPU.ActiveCfg = Debug|Any CPU
		{59999169-5946-3f85-efb1-c690f7f6cb06}.Debug|Any CPU.Build.0 = Debug|Any CPU
		{e98d969b-661d-a93b-30e1-266f57d51aeb}.Debug|Any CPU.ActiveCfg = Debug|Any CPU
		{e98d969b-661d-a93b-30e1-266f57d51aeb}.Debug|Any CPU.Build.0 = Debug|Any CPU
		{92882d09-a327-517a-17ce-fc0cf45404d2}.Debug|Any CPU.ActiveCfg = Debug|Any CPU
		{92882d09-a327-517a-17ce-fc0cf45404d2}.Debug|Any CPU.Build.0 = Debug|Any CPU
		{2b97997e-fd46-d728-0488-d11a5e501f6d}.Debug|Any CPU.ActiveCfg = Debug|Any CPU
		{2b97997e-fd46-d728-0488-d11a5e501f6d}.Debug|Any CPU.Build.0 = Debug|Any CPU
		{26255c03-7eb7-b18f-7a78-a3b2e78f2ecd}.Debug|Any CPU.ActiveCfg = Debug|Any CPU
		{26255c03-7eb7-b18f-7a78-a3b2e78f2ecd}.Debug|Any CPU.Build.0 = Debug|Any CPU
		{2eb4c865-9708-3bae-2c74-5738c0b533f8}.Debug|Any CPU.ActiveCfg = Debug|Any CPU
		{2eb4c865-9708-3bae-2c74-5738c0b533f8}.Debug|Any CPU.Build.0 = Debug|Any CPU
		{fb6bf63d-6d66-0b38-5156-eabf608433c8}.Debug|Any CPU.ActiveCfg = Debug|Any CPU
		{fb6bf63d-6d66-0b38-5156-eabf608433c8}.Debug|Any CPU.Build.0 = Debug|Any CPU
		{6baa068e-90eb-fb53-a3c7-cd44bc770783}.Debug|Any CPU.ActiveCfg = Debug|Any CPU
		{6baa068e-90eb-fb53-a3c7-cd44bc770783}.Debug|Any CPU.Build.0 = Debug|Any CPU
		{a6c9fc65-28f4-db63-603b-3ca51e26eea7}.Debug|Any CPU.ActiveCfg = Debug|Any CPU
		{a6c9fc65-28f4-db63-603b-3ca51e26eea7}.Debug|Any CPU.Build.0 = Debug|Any CPU
		{92f8e08b-7e3c-a431-f823-fe9a426d9485}.Debug|Any CPU.ActiveCfg = Debug|Any CPU
		{92f8e08b-7e3c-a431-f823-fe9a426d9485}.Debug|Any CPU.Build.0 = Debug|Any CPU
		{610e4ff4-04dd-d687-fe47-bbb3f0084005}.Debug|Any CPU.ActiveCfg = Debug|Any CPU
		{610e4ff4-04dd-d687-fe47-bbb3f0084005}.Debug|Any CPU.Build.0 = Debug|Any CPU
		{bc4fe168-dac9-c483-526d-9ed3bda29f31}.Debug|Any CPU.ActiveCfg = Debug|Any CPU
		{bc4fe168-dac9-c483-526d-9ed3bda29f31}.Debug|Any CPU.Build.0 = Debug|Any CPU
		{6113606e-f511-bfc6-fc98-962110d13a54}.Debug|Any CPU.ActiveCfg = Debug|Any CPU
		{6113606e-f511-bfc6-fc98-962110d13a54}.Debug|Any CPU.Build.0 = Debug|Any CPU
		{1b4ca06b-eb42-8cd5-54ed-86a5de078bc4}.Debug|Any CPU.ActiveCfg = Debug|Any CPU
		{1b4ca06b-eb42-8cd5-54ed-86a5de078bc4}.Debug|Any CPU.Build.0 = Debug|Any CPU
		{26df6a2a-168e-e56a-bd32-00e47527f3a2}.Debug|Any CPU.ActiveCfg = Debug|Any CPU
		{26df6a2a-168e-e56a-bd32-00e47527f3a2}.Debug|Any CPU.Build.0 = Debug|Any CPU
		{29e763ac-c112-0584-2ea2-bb874d7e3145}.Debug|Any CPU.ActiveCfg = Debug|Any CPU
		{29e763ac-c112-0584-2ea2-bb874d7e3145}.Debug|Any CPU.Build.0 = Debug|Any CPU
		{ec5186cd-8644-0c6c-0339-da988266f66c}.Debug|Any CPU.ActiveCfg = Debug|Any CPU
		{ec5186cd-8644-0c6c-0339-da988266f66c}.Debug|Any CPU.Build.0 = Debug|Any CPU
		{459fcd3d-433f-467a-bf72-2df963881b6d}.Debug|Any CPU.ActiveCfg = Debug|Any CPU
		{459fcd3d-433f-467a-bf72-2df963881b6d}.Debug|Any CPU.Build.0 = Debug|Any CPU
		{8ba26a8a-43ce-2eff-1582-deb9066c7e71}.Debug|Any CPU.ActiveCfg = Debug|Any CPU
		{8ba26a8a-43ce-2eff-1582-deb9066c7e71}.Debug|Any CPU.Build.0 = Debug|Any CPU
		{296e108d-bc4f-4557-c8a0-19963d353503}.Debug|Any CPU.ActiveCfg = Debug|Any CPU
		{296e108d-bc4f-4557-c8a0-19963d353503}.Debug|Any CPU.Build.0 = Debug|Any CPU
		{14537b74-b227-8984-b0f8-dce0c1b66c64}.Debug|Any CPU.ActiveCfg = Debug|Any CPU
		{14537b74-b227-8984-b0f8-dce0c1b66c64}.Debug|Any CPU.Build.0 = Debug|Any CPU
		{ef07817f-ddce-32f8-c9bf-9dbcfe5e0fe8}.Debug|Any CPU.ActiveCfg = Debug|Any CPU
		{ef07817f-ddce-32f8-c9bf-9dbcfe5e0fe8}.Debug|Any CPU.Build.0 = Debug|Any CPU
		{09078d65-5aa7-8db4-2086-286e45dbe758}.Debug|Any CPU.ActiveCfg = Debug|Any CPU
		{09078d65-5aa7-8db4-2086-286e45dbe758}.Debug|Any CPU.Build.0 = Debug|Any CPU
		{72b25d13-04bb-def5-e6e6-2d32d6603a95}.Debug|Any CPU.ActiveCfg = Debug|Any CPU
		{72b25d13-04bb-def5-e6e6-2d32d6603a95}.Debug|Any CPU.Build.0 = Debug|Any CPU
		{8b8175b0-9968-744f-2c88-7da84f800891}.Debug|Any CPU.ActiveCfg = Debug|Any CPU
		{8b8175b0-9968-744f-2c88-7da84f800891}.Debug|Any CPU.Build.0 = Debug|Any CPU
		{40db78de-62ca-f239-28bd-2842754bbc59}.Debug|Any CPU.ActiveCfg = Debug|Any CPU
		{40db78de-62ca-f239-28bd-2842754bbc59}.Debug|Any CPU.Build.0 = Debug|Any CPU
		{6110ca42-5aa8-fbc2-1fed-a4de4bb3c637}.Debug|Any CPU.ActiveCfg = Debug|Any CPU
		{6110ca42-5aa8-fbc2-1fed-a4de4bb3c637}.Debug|Any CPU.Build.0 = Debug|Any CPU
		{592b424e-c51b-c5b3-41d8-516278c50b6a}.Debug|Any CPU.ActiveCfg = Debug|Any CPU
		{592b424e-c51b-c5b3-41d8-516278c50b6a}.Debug|Any CPU.Build.0 = Debug|Any CPU
		{17b89127-7fda-5937-70ef-cd88bd7bf603}.Debug|Any CPU.ActiveCfg = Debug|Any CPU
		{17b89127-7fda-5937-70ef-cd88bd7bf603}.Debug|Any CPU.Build.0 = Debug|Any CPU
		{da6a3cf8-873b-edef-99c1-e789b606af9b}.Debug|Any CPU.ActiveCfg = Debug|Any CPU
		{da6a3cf8-873b-edef-99c1-e789b606af9b}.Debug|Any CPU.Build.0 = Debug|Any CPU
		{0f2c5a8b-7bd2-97ff-c72f-ebc88c47124b}.Debug|Any CPU.ActiveCfg = Debug|Any CPU
		{0f2c5a8b-7bd2-97ff-c72f-ebc88c47124b}.Debug|Any CPU.Build.0 = Debug|Any CPU
		{115a38f0-0c12-c4fa-4441-e4c09a5c3007}.Debug|Any CPU.ActiveCfg = Debug|Any CPU
		{115a38f0-0c12-c4fa-4441-e4c09a5c3007}.Debug|Any CPU.Build.0 = Debug|Any CPU
		{b4e7df52-5479-a727-6623-ebb945e77abd}.Debug|Any CPU.ActiveCfg = Debug|Any CPU
		{b4e7df52-5479-a727-6623-ebb945e77abd}.Debug|Any CPU.Build.0 = Debug|Any CPU
		{aaa20a94-24d1-9592-f0ea-2a684d035ab1}.Debug|Any CPU.ActiveCfg = Debug|Any CPU
		{aaa20a94-24d1-9592-f0ea-2a684d035ab1}.Debug|Any CPU.Build.0 = Debug|Any CPU
		{b4aec77c-87ec-dd88-64ea-f9fe33e72d47}.Debug|Any CPU.ActiveCfg = Debug|Any CPU
		{b4aec77c-87ec-dd88-64ea-f9fe33e72d47}.Debug|Any CPU.Build.0 = Debug|Any CPU
		{6d21be79-b052-68ac-63d7-fc235a64db5d}.Debug|Any CPU.ActiveCfg = Debug|Any CPU
		{6d21be79-b052-68ac-63d7-fc235a64db5d}.Debug|Any CPU.Build.0 = Debug|Any CPU
		{22e1290a-4ab3-e8b9-52fa-18c638ca8636}.Debug|Any CPU.ActiveCfg = Debug|Any CPU
		{22e1290a-4ab3-e8b9-52fa-18c638ca8636}.Debug|Any CPU.Build.0 = Debug|Any CPU
		{362d04c8-373f-918b-bc83-0c17d9b4eb18}.Debug|Any CPU.ActiveCfg = Debug|Any CPU
		{362d04c8-373f-918b-bc83-0c17d9b4eb18}.Debug|Any CPU.Build.0 = Debug|Any CPU
		{4e3c3ba8-b6f4-2b22-c692-c27e6d3e3da4}.Debug|Any CPU.ActiveCfg = Debug|Any CPU
		{4e3c3ba8-b6f4-2b22-c692-c27e6d3e3da4}.Debug|Any CPU.Build.0 = Debug|Any CPU
		{50d53127-7545-51ad-0aef-658df31abcae}.Debug|Any CPU.ActiveCfg = Debug|Any CPU
		{50d53127-7545-51ad-0aef-658df31abcae}.Debug|Any CPU.Build.0 = Debug|Any CPU
		{cb253f99-9b73-6433-2741-9ee040bad60f}.Debug|Any CPU.ActiveCfg = Debug|Any CPU
		{cb253f99-9b73-6433-2741-9ee040bad60f}.Debug|Any CPU.Build.0 = Debug|Any CPU
		{756abc4e-8adf-4617-0716-c135bc753f8f}.Debug|Any CPU.ActiveCfg = Debug|Any CPU
		{756abc4e-8adf-4617-0716-c135bc753f8f}.Debug|Any CPU.Build.0 = Debug|Any CPU
		{4b643400-fa54-7751-e3ff-e2614e87fcf5}.Debug|Any CPU.ActiveCfg = Debug|Any CPU
		{4b643400-fa54-7751-e3ff-e2614e87fcf5}.Debug|Any CPU.Build.0 = Debug|Any CPU
		{b07eb3ba-c285-f799-bf68-52d514ef4a16}.Debug|Any CPU.ActiveCfg = Debug|Any CPU
		{b07eb3ba-c285-f799-bf68-52d514ef4a16}.Debug|Any CPU.Build.0 = Debug|Any CPU
		{64f43891-eade-8cee-c297-040a3dad5b66}.Debug|Any CPU.ActiveCfg = Debug|Any CPU
		{64f43891-eade-8cee-c297-040a3dad5b66}.Debug|Any CPU.Build.0 = Debug|Any CPU
		{783cec77-cb72-006f-1ad0-fb5a7778b352}.Debug|Any CPU.ActiveCfg = Debug|Any CPU
		{783cec77-cb72-006f-1ad0-fb5a7778b352}.Debug|Any CPU.Build.0 = Debug|Any CPU
		{638da1f2-28c9-137f-9b4b-ad2256d0e0eb}.Debug|Any CPU.ActiveCfg = Debug|Any CPU
		{638da1f2-28c9-137f-9b4b-ad2256d0e0eb}.Debug|Any CPU.Build.0 = Debug|Any CPU
		{3789e320-5764-9172-f015-88e4e21ce622}.Debug|Any CPU.ActiveCfg = Debug|Any CPU
		{3789e320-5764-9172-f015-88e4e21ce622}.Debug|Any CPU.Build.0 = Debug|Any CPU
		{94cb4061-b587-a21e-1270-ec581a51e073}.Debug|Any CPU.ActiveCfg = Debug|Any CPU
		{94cb4061-b587-a21e-1270-ec581a51e073}.Debug|Any CPU.Build.0 = Debug|Any CPU
		{7901a56c-5312-7e9f-6842-8b955083cecf}.Debug|Any CPU.ActiveCfg = Debug|Any CPU
		{7901a56c-5312-7e9f-6842-8b955083cecf}.Debug|Any CPU.Build.0 = Debug|Any CPU
		{d6421a67-e646-a47a-6aba-a015c78c7e89}.Debug|Any CPU.ActiveCfg = Debug|Any CPU
		{d6421a67-e646-a47a-6aba-a015c78c7e89}.Debug|Any CPU.Build.0 = Debug|Any CPU
		{6d4db8ab-2375-61ce-97e1-244d6bc80b2a}.Debug|Any CPU.ActiveCfg = Debug|Any CPU
		{6d4db8ab-2375-61ce-97e1-244d6bc80b2a}.Debug|Any CPU.Build.0 = Debug|Any CPU
		{cc45ecf9-cb7d-5bb3-cae5-c50a84c88ee7}.Debug|Any CPU.ActiveCfg = Debug|Any CPU
		{cc45ecf9-cb7d-5bb3-cae5-c50a84c88ee7}.Debug|Any CPU.Build.0 = Debug|Any CPU
		{76387728-fd43-db3c-1c4c-7e9828cbdadc}.Debug|Any CPU.ActiveCfg = Debug|Any CPU
		{76387728-fd43-db3c-1c4c-7e9828cbdadc}.Debug|Any CPU.Build.0 = Debug|Any CPU
		{a7aa7cda-d50a-9f95-02c4-188db96927e1}.Debug|Any CPU.ActiveCfg = Debug|Any CPU
		{a7aa7cda-d50a-9f95-02c4-188db96927e1}.Debug|Any CPU.Build.0 = Debug|Any CPU
		{f06b5f92-8cb6-8628-aed8-c9c125590528}.Debug|Any CPU.ActiveCfg = Debug|Any CPU
		{f06b5f92-8cb6-8628-aed8-c9c125590528}.Debug|Any CPU.Build.0 = Debug|Any CPU
		{7ab6ae6e-317f-5952-9a64-abf5ed9f889c}.Debug|Any CPU.ActiveCfg = Debug|Any CPU
		{7ab6ae6e-317f-5952-9a64-abf5ed9f889c}.Debug|Any CPU.Build.0 = Debug|Any CPU
		{2741cb09-83c5-e60a-9350-5a3075a02a57}.Debug|Any CPU.ActiveCfg = Debug|Any CPU
		{2741cb09-83c5-e60a-9350-5a3075a02a57}.Debug|Any CPU.Build.0 = Debug|Any CPU
		{e3b86d88-8cba-d4db-8630-7ed921aab212}.Debug|Any CPU.ActiveCfg = Debug|Any CPU
		{e3b86d88-8cba-d4db-8630-7ed921aab212}.Debug|Any CPU.Build.0 = Debug|Any CPU
		{67509adb-5ca1-fd42-852e-4dc107c9fd29}.Debug|Any CPU.ActiveCfg = Debug|Any CPU
		{67509adb-5ca1-fd42-852e-4dc107c9fd29}.Debug|Any CPU.Build.0 = Debug|Any CPU
		{f1d81dd6-6586-8bef-20d8-978d008ceccb}.Debug|Any CPU.ActiveCfg = Debug|Any CPU
		{f1d81dd6-6586-8bef-20d8-978d008ceccb}.Debug|Any CPU.Build.0 = Debug|Any CPU
		{24e0aa28-42fa-f13e-b1da-abf472ca4f78}.Debug|Any CPU.ActiveCfg = Debug|Any CPU
		{24e0aa28-42fa-f13e-b1da-abf472ca4f78}.Debug|Any CPU.Build.0 = Debug|Any CPU
		{67068972-d4f9-606e-6799-846a81f33abc}.Debug|Any CPU.ActiveCfg = Debug|Any CPU
		{67068972-d4f9-606e-6799-846a81f33abc}.Debug|Any CPU.Build.0 = Debug|Any CPU
		{5d8d2807-ee82-b85e-ae81-833d45a56367}.Debug|Any CPU.ActiveCfg = Debug|Any CPU
		{5d8d2807-ee82-b85e-ae81-833d45a56367}.Debug|Any CPU.Build.0 = Debug|Any CPU
		{ebb6120f-2655-df4b-91be-807622a210d6}.Debug|Any CPU.ActiveCfg = Debug|Any CPU
		{ebb6120f-2655-df4b-91be-807622a210d6}.Debug|Any CPU.Build.0 = Debug|Any CPU
		{d67842f3-18d5-5b1f-be7f-9c617e0bb861}.Debug|Any CPU.ActiveCfg = Debug|Any CPU
		{d67842f3-18d5-5b1f-be7f-9c617e0bb861}.Debug|Any CPU.Build.0 = Debug|Any CPU
		{e4bfc85b-7f43-6f93-b2fe-81c0d690e87c}.Debug|Any CPU.ActiveCfg = Debug|Any CPU
		{e4bfc85b-7f43-6f93-b2fe-81c0d690e87c}.Debug|Any CPU.Build.0 = Debug|Any CPU
		{6b4756c9-01ce-71c6-0b5b-cce2a95f893a}.Debug|Any CPU.ActiveCfg = Debug|Any CPU
		{6b4756c9-01ce-71c6-0b5b-cce2a95f893a}.Debug|Any CPU.Build.0 = Debug|Any CPU
		{dc690ff3-93ab-14bc-a64e-e37c106f9b60}.Debug|Any CPU.ActiveCfg = Debug|Any CPU
		{dc690ff3-93ab-14bc-a64e-e37c106f9b60}.Debug|Any CPU.Build.0 = Debug|Any CPU
		{ca8c8ff8-8ba0-0cdd-a7ee-885cc8fe7888}.Debug|Any CPU.ActiveCfg = Debug|Any CPU
		{ca8c8ff8-8ba0-0cdd-a7ee-885cc8fe7888}.Debug|Any CPU.Build.0 = Debug|Any CPU
		{b2adcfe1-d645-b23d-8d0d-34f36db8814a}.Debug|Any CPU.ActiveCfg = Debug|Any CPU
		{b2adcfe1-d645-b23d-8d0d-34f36db8814a}.Debug|Any CPU.Build.0 = Debug|Any CPU
		{5b50033b-ae96-dfb4-570e-177719f5a0f1}.Debug|Any CPU.ActiveCfg = Debug|Any CPU
		{5b50033b-ae96-dfb4-570e-177719f5a0f1}.Debug|Any CPU.Build.0 = Debug|Any CPU
		{2a44a4d3-8519-c0d7-4362-b100693def6c}.Debug|Any CPU.ActiveCfg = Debug|Any CPU
		{2a44a4d3-8519-c0d7-4362-b100693def6c}.Debug|Any CPU.Build.0 = Debug|Any CPU
		{565e5681-7381-f79c-1673-be56470f6dd3}.Debug|Any CPU.ActiveCfg = Debug|Any CPU
		{565e5681-7381-f79c-1673-be56470f6dd3}.Debug|Any CPU.Build.0 = Debug|Any CPU
		{3f085d7a-f3d9-0d5b-9411-11374b40a724}.Debug|Any CPU.ActiveCfg = Debug|Any CPU
		{3f085d7a-f3d9-0d5b-9411-11374b40a724}.Debug|Any CPU.Build.0 = Debug|Any CPU
		{b6ef0d4d-f5d9-ddb9-2e25-8ebe94a594ce}.Debug|Any CPU.ActiveCfg = Debug|Any CPU
		{b6ef0d4d-f5d9-ddb9-2e25-8ebe94a594ce}.Debug|Any CPU.Build.0 = Debug|Any CPU
		{3eebf870-2071-d3e5-4807-adbef68439fd}.Debug|Any CPU.ActiveCfg = Debug|Any CPU
		{3eebf870-2071-d3e5-4807-adbef68439fd}.Debug|Any CPU.Build.0 = Debug|Any CPU
		{d15cd216-04a8-2d2e-0aee-48e6c0bae877}.Debug|Any CPU.ActiveCfg = Debug|Any CPU
		{d15cd216-04a8-2d2e-0aee-48e6c0bae877}.Debug|Any CPU.Build.0 = Debug|Any CPU
		{f9d7aa08-9c7d-4198-ec47-89db2d9fdafb}.Debug|Any CPU.ActiveCfg = Debug|Any CPU
		{f9d7aa08-9c7d-4198-ec47-89db2d9fdafb}.Debug|Any CPU.Build.0 = Debug|Any CPU
		{b46afd95-2abb-2f28-4a32-a5a4a10c7611}.Debug|Any CPU.ActiveCfg = Debug|Any CPU
		{b46afd95-2abb-2f28-4a32-a5a4a10c7611}.Debug|Any CPU.Build.0 = Debug|Any CPU
		{44ebe376-4de0-7f30-a8ce-361a654eebbe}.Debug|Any CPU.ActiveCfg = Debug|Any CPU
		{44ebe376-4de0-7f30-a8ce-361a654eebbe}.Debug|Any CPU.Build.0 = Debug|Any CPU
		{e68a1c6b-369a-eef9-73ed-9f0b4e67f5f8}.Debug|Any CPU.ActiveCfg = Debug|Any CPU
		{e68a1c6b-369a-eef9-73ed-9f0b4e67f5f8}.Debug|Any CPU.Build.0 = Debug|Any CPU
		{28917b08-8334-eb6e-197b-8f2268175b5e}.Debug|Any CPU.ActiveCfg = Debug|Any CPU
		{28917b08-8334-eb6e-197b-8f2268175b5e}.Debug|Any CPU.Build.0 = Debug|Any CPU
		{7045bf11-0ec5-50c0-49f2-142f9f913011}.Debug|Any CPU.ActiveCfg = Debug|Any CPU
		{7045bf11-0ec5-50c0-49f2-142f9f913011}.Debug|Any CPU.Build.0 = Debug|Any CPU
		{d8f90a4a-fb62-4931-2efd-2e2e9ce60ac4}.Debug|Any CPU.ActiveCfg = Debug|Any CPU
		{d8f90a4a-fb62-4931-2efd-2e2e9ce60ac4}.Debug|Any CPU.Build.0 = Debug|Any CPU
		{be8075bf-56b1-677e-1ad1-e3ee5ee5cb52}.Debug|Any CPU.ActiveCfg = Debug|Any CPU
		{be8075bf-56b1-677e-1ad1-e3ee5ee5cb52}.Debug|Any CPU.Build.0 = Debug|Any CPU
		{5655844f-7b54-170a-a595-7d55bd17584d}.Debug|Any CPU.ActiveCfg = Debug|Any CPU
		{5655844f-7b54-170a-a595-7d55bd17584d}.Debug|Any CPU.Build.0 = Debug|Any CPU
		{0c1d6295-6343-f301-58f2-2bf50e64db52}.Debug|Any CPU.ActiveCfg = Debug|Any CPU
		{0c1d6295-6343-f301-58f2-2bf50e64db52}.Debug|Any CPU.Build.0 = Debug|Any CPU
		{f84415bf-c886-1bff-adc1-52a972d817bc}.Debug|Any CPU.ActiveCfg = Debug|Any CPU
		{f84415bf-c886-1bff-adc1-52a972d817bc}.Debug|Any CPU.Build.0 = Debug|Any CPU
		{8fd9adfd-dfe0-6f66-1197-21b88c3d0f92}.Debug|Any CPU.ActiveCfg = Debug|Any CPU
		{8fd9adfd-dfe0-6f66-1197-21b88c3d0f92}.Debug|Any CPU.Build.0 = Debug|Any CPU
		{98b70958-8b46-eae0-dd36-bba3ef1806a3}.Debug|Any CPU.ActiveCfg = Debug|Any CPU
		{98b70958-8b46-eae0-dd36-bba3ef1806a3}.Debug|Any CPU.Build.0 = Debug|Any CPU
		{71a56273-f087-d50d-3fc9-949aa7aa1493}.Debug|Any CPU.ActiveCfg = Debug|Any CPU
		{71a56273-f087-d50d-3fc9-949aa7aa1493}.Debug|Any CPU.Build.0 = Debug|Any CPU
		{121f99d3-7a57-5612-d82e-c77a792140c0}.Debug|Any CPU.ActiveCfg = Debug|Any CPU
		{121f99d3-7a57-5612-d82e-c77a792140c0}.Debug|Any CPU.Build.0 = Debug|Any CPU
		{6f09b763-6cfe-33c5-3e48-715cf0de8cdf}.Debug|Any CPU.ActiveCfg = Debug|Any CPU
		{6f09b763-6cfe-33c5-3e48-715cf0de8cdf}.Debug|Any CPU.Build.0 = Debug|Any CPU
		{b7545c4d-3e6a-53da-5fb0-3e30ae55dfcc}.Debug|Any CPU.ActiveCfg = Debug|Any CPU
		{b7545c4d-3e6a-53da-5fb0-3e30ae55dfcc}.Debug|Any CPU.Build.0 = Debug|Any CPU
		{50b31c53-c4b2-5dad-ab62-594440675e92}.Debug|Any CPU.ActiveCfg = Debug|Any CPU
		{50b31c53-c4b2-5dad-ab62-594440675e92}.Debug|Any CPU.Build.0 = Debug|Any CPU
		{a39898af-62c3-1e49-2f88-b9ef9780f9e6}.Debug|Any CPU.ActiveCfg = Debug|Any CPU
		{a39898af-62c3-1e49-2f88-b9ef9780f9e6}.Debug|Any CPU.Build.0 = Debug|Any CPU
		{32424615-f0fa-30f3-14c3-aa4ec91cd265}.Debug|Any CPU.ActiveCfg = Debug|Any CPU
		{32424615-f0fa-30f3-14c3-aa4ec91cd265}.Debug|Any CPU.Build.0 = Debug|Any CPU
		{71e9f5d0-b9b0-ac3a-56d4-359a331cbe55}.Debug|Any CPU.ActiveCfg = Debug|Any CPU
		{71e9f5d0-b9b0-ac3a-56d4-359a331cbe55}.Debug|Any CPU.Build.0 = Debug|Any CPU
		{78a9faaa-ea2f-4584-e064-0aff529c537d}.Debug|Any CPU.ActiveCfg = Debug|Any CPU
		{78a9faaa-ea2f-4584-e064-0aff529c537d}.Debug|Any CPU.Build.0 = Debug|Any CPU
		{25a55ab5-da89-e6ca-6069-3c649f571f0f}.Debug|Any CPU.ActiveCfg = Debug|Any CPU
		{25a55ab5-da89-e6ca-6069-3c649f571f0f}.Debug|Any CPU.Build.0 = Debug|Any CPU
		{b1ba4888-c402-5f5f-db74-c8f6f3a46d7d}.Debug|Any CPU.ActiveCfg = Debug|Any CPU
		{b1ba4888-c402-5f5f-db74-c8f6f3a46d7d}.Debug|Any CPU.Build.0 = Debug|Any CPU
		{84b9ada7-d380-896c-ee8c-671c348e905c}.Debug|Any CPU.ActiveCfg = Debug|Any CPU
		{84b9ada7-d380-896c-ee8c-671c348e905c}.Debug|Any CPU.Build.0 = Debug|Any CPU
		{76aae808-c43f-943f-e993-52aedf436f7a}.Debug|Any CPU.ActiveCfg = Debug|Any CPU
		{76aae808-c43f-943f-e993-52aedf436f7a}.Debug|Any CPU.Build.0 = Debug|Any CPU
		{3c52246b-d81c-a618-e964-663289604ce9}.Debug|Any CPU.ActiveCfg = Debug|Any CPU
		{3c52246b-d81c-a618-e964-663289604ce9}.Debug|Any CPU.Build.0 = Debug|Any CPU
		{95cc38aa-e307-d57d-d7c3-9865598b7c97}.Debug|Any CPU.ActiveCfg = Debug|Any CPU
		{95cc38aa-e307-d57d-d7c3-9865598b7c97}.Debug|Any CPU.Build.0 = Debug|Any CPU
		{6bbb1e7c-d1a0-b2eb-e2fd-da433ac94b2b}.Debug|Any CPU.ActiveCfg = Debug|Any CPU
		{6bbb1e7c-d1a0-b2eb-e2fd-da433ac94b2b}.Debug|Any CPU.Build.0 = Debug|Any CPU
		{17faf8cf-7db8-d15d-13c4-d0d2a5a9cbde}.Debug|Any CPU.ActiveCfg = Debug|Any CPU
		{17faf8cf-7db8-d15d-13c4-d0d2a5a9cbde}.Debug|Any CPU.Build.0 = Debug|Any CPU
		{282d2df2-9fa1-9068-246b-d38d19f291ca}.Debug|Any CPU.ActiveCfg = Debug|Any CPU
		{282d2df2-9fa1-9068-246b-d38d19f291ca}.Debug|Any CPU.Build.0 = Debug|Any CPU
		{6501435b-c0d2-9569-5b0a-80a5c3ded287}.Debug|Any CPU.ActiveCfg = Debug|Any CPU
		{6501435b-c0d2-9569-5b0a-80a5c3ded287}.Debug|Any CPU.Build.0 = Debug|Any CPU
		{5519eb25-9708-4cb3-3394-82c7ae16840b}.Debug|Any CPU.ActiveCfg = Debug|Any CPU
		{5519eb25-9708-4cb3-3394-82c7ae16840b}.Debug|Any CPU.Build.0 = Debug|Any CPU
		{6b3d63b6-395a-581a-0fd2-1068dd427e93}.Debug|Any CPU.ActiveCfg = Debug|Any CPU
		{6b3d63b6-395a-581a-0fd2-1068dd427e93}.Debug|Any CPU.Build.0 = Debug|Any CPU
		{b12bb39f-57aa-9315-a4b4-51abb5375e06}.Debug|Any CPU.ActiveCfg = Debug|Any CPU
		{b12bb39f-57aa-9315-a4b4-51abb5375e06}.Debug|Any CPU.Build.0 = Debug|Any CPU
		{f38bbc15-5d4e-d693-f623-bb1f9e825a20}.Debug|Any CPU.ActiveCfg = Debug|Any CPU
		{f38bbc15-5d4e-d693-f623-bb1f9e825a20}.Debug|Any CPU.Build.0 = Debug|Any CPU
		{238e5342-5096-3513-a131-d2270af8dbaf}.Debug|Any CPU.ActiveCfg = Debug|Any CPU
		{238e5342-5096-3513-a131-d2270af8dbaf}.Debug|Any CPU.Build.0 = Debug|Any CPU
		{093d4641-2e65-5301-3e56-7f5dc391f26b}.Debug|Any CPU.ActiveCfg = Debug|Any CPU
		{093d4641-2e65-5301-3e56-7f5dc391f26b}.Debug|Any CPU.Build.0 = Debug|Any CPU
		{5a255a01-ea4a-72f6-17b3-b26b733f6811}.Debug|Any CPU.ActiveCfg = Debug|Any CPU
		{5a255a01-ea4a-72f6-17b3-b26b733f6811}.Debug|Any CPU.Build.0 = Debug|Any CPU
		{2e665140-8201-816f-fc66-b70d591af0b2}.Debug|Any CPU.ActiveCfg = Debug|Any CPU
		{2e665140-8201-816f-fc66-b70d591af0b2}.Debug|Any CPU.Build.0 = Debug|Any CPU
		{46d749a4-edf0-eae6-0735-67a1d00c792d}.Debug|Any CPU.ActiveCfg = Debug|Any CPU
		{46d749a4-edf0-eae6-0735-67a1d00c792d}.Debug|Any CPU.Build.0 = Debug|Any CPU
	EndGlobalSection
	GlobalSection(SolutionProperties) = preSolution
		HideSolutionNode = FALSE
	EndGlobalSection
EndGlobal
