
Microsoft Visual Studio Solution File, Format Version 11.00
# Visual Studio 2010
Project("{FAE04EC0-301F-11D3-BF4B-00C04F79EFBC}") = "YamlDotNet", "YamlDotNet.csproj", "{a2a7dd76-3b42-b556-f6d5-7c854cb9ddfb}"
EndProject
Project("{FAE04EC0-301F-11D3-BF4B-00C04F79EFBC}") = "Assembly-CSharp", "Assembly-CSharp.csproj", "{ec5186cd-8644-0c6c-0339-da988266f66c}"
EndProject
Project("{FAE04EC0-301F-11D3-BF4B-00C04F79EFBC}") = "Assembly-CSharp-firstpass", "Assembly-CSharp-firstpass.csproj", "{09078d65-5aa7-8db4-2086-286e45dbe758}"
EndProject
Project("{FAE04EC0-301F-11D3-BF4B-00C04F79EFBC}") = "YamlDotNet.Examples", "YamlDotNet.Examples.csproj", "{8b8175b0-9968-744f-2c88-7da84f800891}"
EndProject
Project("{FAE04EC0-301F-11D3-BF4B-00C04F79EFBC}") = "Assembly-CSharp-Editor", "Assembly-CSharp-Editor.csproj", "{756abc4e-8adf-4617-0716-c135bc753f8f}"
EndProject
Project("{FAE04EC0-301F-11D3-BF4B-00C04F79EFBC}") = "Unity.AssetBundleBrowser.Editor", "Unity.AssetBundleBrowser.Editor.csproj", "{67068972-d4f9-606e-6799-846a81f33abc}"
EndProject
Project("{FAE04EC0-301F-11D3-BF4B-00C04F79EFBC}") = "Unity.AssetBundleBrowser.Editor.Tests", "Unity.AssetBundleBrowser.Editor.Tests.csproj", "{d8f90a4a-fb62-4931-2efd-2e2e9ce60ac4}"
EndProject
Global
	GlobalSection(SolutionConfigurationPlatforms) = preSolution
		Debug|Any CPU = Debug|Any CPU
	EndGlobalSection
	GlobalSection(ProjectConfigurationPlatforms) = postSolution
		{a2a7dd76-3b42-b556-f6d5-7c854cb9ddfb}.Debug|Any CPU.ActiveCfg = Debug|Any CPU
		{a2a7dd76-3b42-b556-f6d5-7c854cb9ddfb}.Debug|Any CPU.Build.0 = Debug|Any CPU
		{ec5186cd-8644-0c6c-0339-da988266f66c}.Debug|Any CPU.ActiveCfg = Debug|Any CPU
		{ec5186cd-8644-0c6c-0339-da988266f66c}.Debug|Any CPU.Build.0 = Debug|Any CPU
		{09078d65-5aa7-8db4-2086-286e45dbe758}.Debug|Any CPU.ActiveCfg = Debug|Any CPU
		{09078d65-5aa7-8db4-2086-286e45dbe758}.Debug|Any CPU.Build.0 = Debug|Any CPU
		{8b8175b0-9968-744f-2c88-7da84f800891}.Debug|Any CPU.ActiveCfg = Debug|Any CPU
		{8b8175b0-9968-744f-2c88-7da84f800891}.Debug|Any CPU.Build.0 = Debug|Any CPU
		{756abc4e-8adf-4617-0716-c135bc753f8f}.Debug|Any CPU.ActiveCfg = Debug|Any CPU
		{756abc4e-8adf-4617-0716-c135bc753f8f}.Debug|Any CPU.Build.0 = Debug|Any CPU
		{67068972-d4f9-606e-6799-846a81f33abc}.Debug|Any CPU.ActiveCfg = Debug|Any CPU
		{67068972-d4f9-606e-6799-846a81f33abc}.Debug|Any CPU.Build.0 = Debug|Any CPU
		{d8f90a4a-fb62-4931-2efd-2e2e9ce60ac4}.Debug|Any CPU.ActiveCfg = Debug|Any CPU
		{d8f90a4a-fb62-4931-2efd-2e2e9ce60ac4}.Debug|Any CPU.Build.0 = Debug|Any CPU
	EndGlobalSection
	GlobalSection(SolutionProperties) = preSolution
		HideSolutionNode = FALSE
	EndGlobalSection
EndGlobal
